
Microsoft Visual Studio Solution File, Format Version 12.00
# Visual Studio Version 17
VisualStudioVersion = 17.9.34728.123
MinimumVisualStudioVersion = 10.0.40219.1
Project("{FAE04EC0-301F-11D3-BF4B-00C04F79EFBC}") = "Mobile_StoreAPI", "Mobile_StoreAPI\Mobile_StoreAPI.csproj", "{190A9D68-1537-4976-9B79-AA645A21B6B1}"
EndProject
Global
	GlobalSection(SolutionConfigurationPlatforms) = preSolution
		Debug|Any CPU = Debug|Any CPU
		Release|Any CPU = Release|Any CPU
	EndGlobalSection
	GlobalSection(ProjectConfigurationPlatforms) = postSolution
		{190A9D68-1537-4976-9B79-AA645A21B6B1}.Debug|Any CPU.ActiveCfg = Debug|Any CPU
		{190A9D68-1537-4976-9B79-AA645A21B6B1}.Debug|Any CPU.Build.0 = Debug|Any CPU
		{190A9D68-1537-4976-9B79-AA645A21B6B1}.Release|Any CPU.ActiveCfg = Release|Any CPU
		{190A9D68-1537-4976-9B79-AA645A21B6B1}.Release|Any CPU.Build.0 = Release|Any CPU
	EndGlobalSection
	GlobalSection(SolutionProperties) = preSolution
		HideSolutionNode = FALSE
	EndGlobalSection
	GlobalSection(ExtensibilityGlobals) = postSolution
		SolutionGuid = {C9C5D255-758A-412B-AD76-2A8B14FAE95D}
	EndGlobalSection
EndGlobal
